
Microsoft Visual Studio Solution File, Format Version 11.00
# Visual Studio 2010
Project("{8BC9CEB8-8B4A-11D0-8D11-00A0C91BC942}") = "HelloMFC", "HelloMFC\HelloMFC.vcxproj", "{BDCE6C8A-735B-4710-B957-F8E90217FFF7}"
EndProject
Project("{8BC9CEB8-8B4A-11D0-8D11-00A0C91BC942}") = "GetIPAndPort", "GetIPAndPort\GetIPAndPort.vcxproj", "{3A5F819C-9422-4C5F-9D6E-2F6277938B94}"
EndProject
Project("{8BC9CEB8-8B4A-11D0-8D11-00A0C91BC942}") = "ChatClient_1", "ChatClient_1\ChatClient_1.vcxproj", "{660E50AC-1204-41BA-9D36-CE5631392985}"
EndProject
Project("{8BC9CEB8-8B4A-11D0-8D11-00A0C91BC942}") = "ChatClient_2", "ChatClient_2\ChatClient.vcxproj", "{24559E31-7416-4EBF-BF91-27D306C843AC}"
EndProject
Project("{8BC9CEB8-8B4A-11D0-8D11-00A0C91BC942}") = "ChatServer_2", "ChatServer_2\ChatServer_2.vcxproj", "{5DEA0F42-C4EC-4789-B126-1300892F463B}"
EndProject
Project("{8BC9CEB8-8B4A-11D0-8D11-00A0C91BC942}") = "ChatServer_1", "ChatServer_1\ChatServer.vcxproj", "{2885716E-4D31-4543-A701-99CDD76F95A1}"
EndProject
Project("{8BC9CEB8-8B4A-11D0-8D11-00A0C91BC942}") = "ChatServer_socket", "ChatServer_socket\ChatServer_socket.vcxproj", "{C580569D-A1AF-4F97-A552-11F5CCA8A05D}"
EndProject
Project("{8BC9CEB8-8B4A-11D0-8D11-00A0C91BC942}") = "ChatClient_socket", "ChatClient_socket\ChatClient_socket.vcxproj", "{4726879F-B965-48D5-B04A-A01D99750FDF}"
EndProject
Project("{8BC9CEB8-8B4A-11D0-8D11-00A0C91BC942}") = "UDProcsComm", "UDProcsComm\UDProcsComm.vcxproj", "{92497B1D-05AD-469F-9579-F28A966C5862}"
EndProject
Project("{8BC9CEB8-8B4A-11D0-8D11-00A0C91BC942}") = "ChatServer_API", "ChatServer_API\ChatServer_API.vcxproj", "{583417D4-FA2B-4B28-851C-18F8319E87EF}"
EndProject
Project("{8BC9CEB8-8B4A-11D0-8D11-00A0C91BC942}") = "ChatClient_API", "ChatClient_API\ChatClient_API.vcxproj", "{A60C8FE0-A435-4F45-8468-0FE10F39B485}"
EndProject
Project("{8BC9CEB8-8B4A-11D0-8D11-00A0C91BC942}") = "P2PTalker", "P2PTalker\P2PTalker.vcxproj", "{B8424680-99DD-4143-81C2-F0D5B6624772}"
EndProject
Project("{8BC9CEB8-8B4A-11D0-8D11-00A0C91BC942}") = "SelfChat", "SelfChat\SelfChat.vcxproj", "{B615405D-F0FA-450B-8F05-2F096E45AB62}"
EndProject
Project("{8BC9CEB8-8B4A-11D0-8D11-00A0C91BC942}") = "SelfRoom", "SelfRoom\SelfRoom.vcxproj", "{C390FA7D-CEE4-4CA9-9BA9-E7911A5B608E}"
EndProject
Global
	GlobalSection(SolutionConfigurationPlatforms) = preSolution
		Debug|Win32 = Debug|Win32
		Release|Win32 = Release|Win32
		Template|Win32 = Template|Win32
	EndGlobalSection
	GlobalSection(ProjectConfigurationPlatforms) = postSolution
		{BDCE6C8A-735B-4710-B957-F8E90217FFF7}.Debug|Win32.ActiveCfg = Debug|Win32
		{BDCE6C8A-735B-4710-B957-F8E90217FFF7}.Debug|Win32.Build.0 = Debug|Win32
		{BDCE6C8A-735B-4710-B957-F8E90217FFF7}.Release|Win32.ActiveCfg = Release|Win32
		{BDCE6C8A-735B-4710-B957-F8E90217FFF7}.Release|Win32.Build.0 = Release|Win32
		{BDCE6C8A-735B-4710-B957-F8E90217FFF7}.Template|Win32.ActiveCfg = Release|Win32
		{BDCE6C8A-735B-4710-B957-F8E90217FFF7}.Template|Win32.Build.0 = Release|Win32
		{3A5F819C-9422-4C5F-9D6E-2F6277938B94}.Debug|Win32.ActiveCfg = Debug|Win32
		{3A5F819C-9422-4C5F-9D6E-2F6277938B94}.Debug|Win32.Build.0 = Debug|Win32
		{3A5F819C-9422-4C5F-9D6E-2F6277938B94}.Release|Win32.ActiveCfg = Release|Win32
		{3A5F819C-9422-4C5F-9D6E-2F6277938B94}.Release|Win32.Build.0 = Release|Win32
		{3A5F819C-9422-4C5F-9D6E-2F6277938B94}.Template|Win32.ActiveCfg = Template|Win32
		{3A5F819C-9422-4C5F-9D6E-2F6277938B94}.Template|Win32.Build.0 = Template|Win32
		{660E50AC-1204-41BA-9D36-CE5631392985}.Debug|Win32.ActiveCfg = Debug|Win32
		{660E50AC-1204-41BA-9D36-CE5631392985}.Debug|Win32.Build.0 = Debug|Win32
		{660E50AC-1204-41BA-9D36-CE5631392985}.Release|Win32.ActiveCfg = Release|Win32
		{660E50AC-1204-41BA-9D36-CE5631392985}.Release|Win32.Build.0 = Release|Win32
		{660E50AC-1204-41BA-9D36-CE5631392985}.Template|Win32.ActiveCfg = Template|Win32
		{660E50AC-1204-41BA-9D36-CE5631392985}.Template|Win32.Build.0 = Template|Win32
		{24559E31-7416-4EBF-BF91-27D306C843AC}.Debug|Win32.ActiveCfg = Debug|Win32
		{24559E31-7416-4EBF-BF91-27D306C843AC}.Debug|Win32.Build.0 = Debug|Win32
		{24559E31-7416-4EBF-BF91-27D306C843AC}.Release|Win32.ActiveCfg = Release|Win32
		{24559E31-7416-4EBF-BF91-27D306C843AC}.Release|Win32.Build.0 = Release|Win32
		{24559E31-7416-4EBF-BF91-27D306C843AC}.Template|Win32.ActiveCfg = Template|Win32
		{24559E31-7416-4EBF-BF91-27D306C843AC}.Template|Win32.Build.0 = Template|Win32
		{5DEA0F42-C4EC-4789-B126-1300892F463B}.Debug|Win32.ActiveCfg = Debug|Win32
		{5DEA0F42-C4EC-4789-B126-1300892F463B}.Debug|Win32.Build.0 = Debug|Win32
		{5DEA0F42-C4EC-4789-B126-1300892F463B}.Release|Win32.ActiveCfg = Release|Win32
		{5DEA0F42-C4EC-4789-B126-1300892F463B}.Release|Win32.Build.0 = Release|Win32
		{5DEA0F42-C4EC-4789-B126-1300892F463B}.Template|Win32.ActiveCfg = Template|Win32
		{5DEA0F42-C4EC-4789-B126-1300892F463B}.Template|Win32.Build.0 = Template|Win32
		{2885716E-4D31-4543-A701-99CDD76F95A1}.Debug|Win32.ActiveCfg = Debug|Win32
		{2885716E-4D31-4543-A701-99CDD76F95A1}.Debug|Win32.Build.0 = Debug|Win32
		{2885716E-4D31-4543-A701-99CDD76F95A1}.Release|Win32.ActiveCfg = Release|Win32
		{2885716E-4D31-4543-A701-99CDD76F95A1}.Release|Win32.Build.0 = Release|Win32
		{2885716E-4D31-4543-A701-99CDD76F95A1}.Template|Win32.ActiveCfg = Template|Win32
		{2885716E-4D31-4543-A701-99CDD76F95A1}.Template|Win32.Build.0 = Template|Win32
		{C580569D-A1AF-4F97-A552-11F5CCA8A05D}.Debug|Win32.ActiveCfg = Debug|Win32
		{C580569D-A1AF-4F97-A552-11F5CCA8A05D}.Debug|Win32.Build.0 = Debug|Win32
		{C580569D-A1AF-4F97-A552-11F5CCA8A05D}.Release|Win32.ActiveCfg = Release|Win32
		{C580569D-A1AF-4F97-A552-11F5CCA8A05D}.Release|Win32.Build.0 = Release|Win32
		{C580569D-A1AF-4F97-A552-11F5CCA8A05D}.Template|Win32.ActiveCfg = Template|Win32
		{C580569D-A1AF-4F97-A552-11F5CCA8A05D}.Template|Win32.Build.0 = Template|Win32
		{4726879F-B965-48D5-B04A-A01D99750FDF}.Debug|Win32.ActiveCfg = Debug|Win32
		{4726879F-B965-48D5-B04A-A01D99750FDF}.Debug|Win32.Build.0 = Debug|Win32
		{4726879F-B965-48D5-B04A-A01D99750FDF}.Release|Win32.ActiveCfg = Release|Win32
		{4726879F-B965-48D5-B04A-A01D99750FDF}.Release|Win32.Build.0 = Release|Win32
		{4726879F-B965-48D5-B04A-A01D99750FDF}.Template|Win32.ActiveCfg = Template|Win32
		{4726879F-B965-48D5-B04A-A01D99750FDF}.Template|Win32.Build.0 = Template|Win32
		{92497B1D-05AD-469F-9579-F28A966C5862}.Debug|Win32.ActiveCfg = Debug|Win32
		{92497B1D-05AD-469F-9579-F28A966C5862}.Debug|Win32.Build.0 = Debug|Win32
		{92497B1D-05AD-469F-9579-F28A966C5862}.Release|Win32.ActiveCfg = Release|Win32
		{92497B1D-05AD-469F-9579-F28A966C5862}.Release|Win32.Build.0 = Release|Win32
		{92497B1D-05AD-469F-9579-F28A966C5862}.Template|Win32.ActiveCfg = Template|Win32
		{92497B1D-05AD-469F-9579-F28A966C5862}.Template|Win32.Build.0 = Template|Win32
		{583417D4-FA2B-4B28-851C-18F8319E87EF}.Debug|Win32.ActiveCfg = Debug|Win32
		{583417D4-FA2B-4B28-851C-18F8319E87EF}.Debug|Win32.Build.0 = Debug|Win32
		{583417D4-FA2B-4B28-851C-18F8319E87EF}.Release|Win32.ActiveCfg = Release|Win32
		{583417D4-FA2B-4B28-851C-18F8319E87EF}.Release|Win32.Build.0 = Release|Win32
		{583417D4-FA2B-4B28-851C-18F8319E87EF}.Template|Win32.ActiveCfg = Template|Win32
		{583417D4-FA2B-4B28-851C-18F8319E87EF}.Template|Win32.Build.0 = Template|Win32
		{A60C8FE0-A435-4F45-8468-0FE10F39B485}.Debug|Win32.ActiveCfg = Debug|Win32
		{A60C8FE0-A435-4F45-8468-0FE10F39B485}.Debug|Win32.Build.0 = Debug|Win32
		{A60C8FE0-A435-4F45-8468-0FE10F39B485}.Release|Win32.ActiveCfg = Release|Win32
		{A60C8FE0-A435-4F45-8468-0FE10F39B485}.Release|Win32.Build.0 = Release|Win32
		{A60C8FE0-A435-4F45-8468-0FE10F39B485}.Template|Win32.ActiveCfg = Template|Win32
		{A60C8FE0-A435-4F45-8468-0FE10F39B485}.Template|Win32.Build.0 = Template|Win32
		{B8424680-99DD-4143-81C2-F0D5B6624772}.Debug|Win32.ActiveCfg = Debug|Win32
		{B8424680-99DD-4143-81C2-F0D5B6624772}.Debug|Win32.Build.0 = Debug|Win32
		{B8424680-99DD-4143-81C2-F0D5B6624772}.Release|Win32.ActiveCfg = Release|Win32
		{B8424680-99DD-4143-81C2-F0D5B6624772}.Release|Win32.Build.0 = Release|Win32
		{B8424680-99DD-4143-81C2-F0D5B6624772}.Template|Win32.ActiveCfg = Template|Win32
		{B8424680-99DD-4143-81C2-F0D5B6624772}.Template|Win32.Build.0 = Template|Win32
		{B615405D-F0FA-450B-8F05-2F096E45AB62}.Debug|Win32.ActiveCfg = Debug|Win32
		{B615405D-F0FA-450B-8F05-2F096E45AB62}.Debug|Win32.Build.0 = Debug|Win32
		{B615405D-F0FA-450B-8F05-2F096E45AB62}.Release|Win32.ActiveCfg = Release|Win32
		{B615405D-F0FA-450B-8F05-2F096E45AB62}.Release|Win32.Build.0 = Release|Win32
		{B615405D-F0FA-450B-8F05-2F096E45AB62}.Template|Win32.ActiveCfg = Template|Win32
		{B615405D-F0FA-450B-8F05-2F096E45AB62}.Template|Win32.Build.0 = Template|Win32
		{C390FA7D-CEE4-4CA9-9BA9-E7911A5B608E}.Debug|Win32.ActiveCfg = Debug|Win32
		{C390FA7D-CEE4-4CA9-9BA9-E7911A5B608E}.Debug|Win32.Build.0 = Debug|Win32
		{C390FA7D-CEE4-4CA9-9BA9-E7911A5B608E}.Release|Win32.ActiveCfg = Release|Win32
		{C390FA7D-CEE4-4CA9-9BA9-E7911A5B608E}.Release|Win32.Build.0 = Release|Win32
		{C390FA7D-CEE4-4CA9-9BA9-E7911A5B608E}.Template|Win32.ActiveCfg = Template|Win32
		{C390FA7D-CEE4-4CA9-9BA9-E7911A5B608E}.Template|Win32.Build.0 = Template|Win32
	EndGlobalSection
	GlobalSection(SolutionProperties) = preSolution
		HideSolutionNode = FALSE
	EndGlobalSection
EndGlobal
